{
  "requires": true,
  "lockfileVersion": 1,
  "dependencies": {
    "typeface-reenie-beanie": {
      "version": "1.1.13",
      "resolved": "https://registry.npmjs.org/typeface-reenie-beanie/-/typeface-reenie-beanie-1.1.13.tgz",
      "integrity": "sha512-ukZMHAEvMxppdXmmbxOwtW/7C11avWH/VSTS7LBYX36q6Y1WeASfvY/CRR3mKmjJZrcgOdBZ0hWJYcNTNcyzFA=="
    }
  }
}
